# THIS IS AN AUTOGENERATED FILE. DO NOT EDIT THIS FILE DIRECTLY.
# yarn lockfile v1


bundle@^0.2.3:
  version "0.2.3"
  resolved "https://registry.yarnpkg.com/bundle/-/bundle-0.2.3.tgz#87d5fe1c19172d0bbef7856d06d7d19fefaf6767"
  dependencies:
    jade "0.25.x"

commander@0.5.2:
  version "0.5.2"
  resolved "https://registry.yarnpkg.com/commander/-/commander-0.5.2.tgz#f270326709a115a126cfed5623852439b8e4a3b5"

install@^0.10.1:
  version "0.10.1"
  resolved "https://registry.yarnpkg.com/install/-/install-0.10.1.tgz#1c7b53c8dd7335ef534c2648de28f599df1bdd97"

jade@0.25.x:
  version "0.25.0"
  resolved "https://registry.yarnpkg.com/jade/-/jade-0.25.0.tgz#a59f2f4e07aa3ff8a6ce2e759ef039866864a1ae"
  dependencies:
    commander "0.5.2"
    mkdirp "0.3.0"

mkdirp@0.3.0:
  version "0.3.0"
  resolved "https://registry.yarnpkg.com/mkdirp/-/mkdirp-0.3.0.tgz#1bbf5ab1ba827af23575143490426455f481fe1e"
